
Microsoft Visual Studio Solution File, Format Version 12.00
# Visual Studio Version 17
VisualStudioVersion = 17.7.34031.279
MinimumVisualStudioVersion = 10.0.40219.1
Project("{9A19103F-16F7-4668-BE54-9A1E7A4F7556}") = "Server_UdpClient", "Server_UdpClient\Server_UdpClient.csproj", "{D73EF9A0-290F-4A37-9107-BD8C8C608942}"
EndProject
Project("{9A19103F-16F7-4668-BE54-9A1E7A4F7556}") = "Client_UdpClient", "Client_UdpClient\Client_UdpClient.csproj", "{37DBBFA4-F88F-4BED-BF14-47D2D1807565}"
EndProject
Project("{FAE04EC0-301F-11D3-BF4B-00C04F79EFBC}") = "Tests", "Tests\Tests.csproj", "{BC2695A0-7F6A-42AC-8464-0A32BAF10F15}"
EndProject
Project("{FAE04EC0-301F-11D3-BF4B-00C04F79EFBC}") = "TestProjectClient", "TestProjectClient\TestProjectClient.csproj", "{EDAAA6E5-5739-4AA7-A4EF-C1AE4D995B4D}"
EndProject
Global
	GlobalSection(SolutionConfigurationPlatforms) = preSolution
		Debug|Any CPU = Debug|Any CPU
		Release|Any CPU = Release|Any CPU
	EndGlobalSection
	GlobalSection(ProjectConfigurationPlatforms) = postSolution
		{D73EF9A0-290F-4A37-9107-BD8C8C608942}.Debug|Any CPU.ActiveCfg = Debug|Any CPU
		{D73EF9A0-290F-4A37-9107-BD8C8C608942}.Debug|Any CPU.Build.0 = Debug|Any CPU
		{D73EF9A0-290F-4A37-9107-BD8C8C608942}.Release|Any CPU.ActiveCfg = Release|Any CPU
		{D73EF9A0-290F-4A37-9107-BD8C8C608942}.Release|Any CPU.Build.0 = Release|Any CPU
		{37DBBFA4-F88F-4BED-BF14-47D2D1807565}.Debug|Any CPU.ActiveCfg = Debug|Any CPU
		{37DBBFA4-F88F-4BED-BF14-47D2D1807565}.Debug|Any CPU.Build.0 = Debug|Any CPU
		{37DBBFA4-F88F-4BED-BF14-47D2D1807565}.Release|Any CPU.ActiveCfg = Release|Any CPU
		{37DBBFA4-F88F-4BED-BF14-47D2D1807565}.Release|Any CPU.Build.0 = Release|Any CPU
		{BC2695A0-7F6A-42AC-8464-0A32BAF10F15}.Debug|Any CPU.ActiveCfg = Debug|Any CPU
		{BC2695A0-7F6A-42AC-8464-0A32BAF10F15}.Debug|Any CPU.Build.0 = Debug|Any CPU
		{BC2695A0-7F6A-42AC-8464-0A32BAF10F15}.Release|Any CPU.ActiveCfg = Release|Any CPU
		{BC2695A0-7F6A-42AC-8464-0A32BAF10F15}.Release|Any CPU.Build.0 = Release|Any CPU
		{EDAAA6E5-5739-4AA7-A4EF-C1AE4D995B4D}.Debug|Any CPU.ActiveCfg = Debug|Any CPU
		{EDAAA6E5-5739-4AA7-A4EF-C1AE4D995B4D}.Debug|Any CPU.Build.0 = Debug|Any CPU
		{EDAAA6E5-5739-4AA7-A4EF-C1AE4D995B4D}.Release|Any CPU.ActiveCfg = Release|Any CPU
		{EDAAA6E5-5739-4AA7-A4EF-C1AE4D995B4D}.Release|Any CPU.Build.0 = Release|Any CPU
	EndGlobalSection
	GlobalSection(SolutionProperties) = preSolution
		HideSolutionNode = FALSE
	EndGlobalSection
	GlobalSection(ExtensibilityGlobals) = postSolution
		SolutionGuid = {1140D810-3B9B-4805-ACC0-4855B4DB7F48}
	EndGlobalSection
EndGlobal
